
Microsoft Visual Studio Solution File, Format Version 11.00
# Visual Studio 2010
Project("{FAE04EC0-301F-11D3-BF4B-00C04F79EFBC}") = "EasyWalkthrough", "EasyWalkthrough\EasyWalkthrough.csproj", "{C6D90E79-143C-43D1-8FE1-E168598FC924}"
EndProject
Project("{FAE04EC0-301F-11D3-BF4B-00C04F79EFBC}") = "FormWalkthrough", "FormWalkthrough\FormWalkthrough.csproj", "{63DF7C3A-7F83-4579-BFE1-B72FC1593E3B}"
EndProject
Project("{FAE04EC0-301F-11D3-BF4B-00C04F79EFBC}") = "EventSample", "EventSample\EventSample.csproj", "{68D35519-604D-4516-AF4D-3A84E15EA9B2}"
EndProject
Project("{FAE04EC0-301F-11D3-BF4B-00C04F79EFBC}") = "EventSample - Complete", "EventSample - Complete\EventSample - Complete.csproj", "{130A0CE5-B41E-4B02-91F4-25002122866E}"
EndProject
Project("{FAE04EC0-301F-11D3-BF4B-00C04F79EFBC}") = "InheritanceWalkthrough", "InheritanceWalkthrough\InheritanceWalkthrough.csproj", "{DA895C54-6FBD-4151-9F1A-76889624D075}"
EndProject
Project("{FAE04EC0-301F-11D3-BF4B-00C04F79EFBC}") = "InterfaceWalkthrough", "InterfaceWalkthrough\InterfaceWalkthrough.csproj", "{C7141AE2-530A-4964-BF16-AF00F18E336A}"
EndProject
Global
	GlobalSection(SolutionConfigurationPlatforms) = preSolution
		Debug|Any CPU = Debug|Any CPU
		Debug|Mixed Platforms = Debug|Mixed Platforms
		Debug|x86 = Debug|x86
		Release|Any CPU = Release|Any CPU
		Release|Mixed Platforms = Release|Mixed Platforms
		Release|x86 = Release|x86
	EndGlobalSection
	GlobalSection(ProjectConfigurationPlatforms) = postSolution
		{C6D90E79-143C-43D1-8FE1-E168598FC924}.Debug|Any CPU.ActiveCfg = Debug|Any CPU
		{C6D90E79-143C-43D1-8FE1-E168598FC924}.Debug|Any CPU.Build.0 = Debug|Any CPU
		{C6D90E79-143C-43D1-8FE1-E168598FC924}.Debug|Mixed Platforms.ActiveCfg = Debug|Any CPU
		{C6D90E79-143C-43D1-8FE1-E168598FC924}.Debug|Mixed Platforms.Build.0 = Debug|Any CPU
		{C6D90E79-143C-43D1-8FE1-E168598FC924}.Debug|x86.ActiveCfg = Debug|Any CPU
		{C6D90E79-143C-43D1-8FE1-E168598FC924}.Release|Any CPU.ActiveCfg = Release|Any CPU
		{C6D90E79-143C-43D1-8FE1-E168598FC924}.Release|Any CPU.Build.0 = Release|Any CPU
		{C6D90E79-143C-43D1-8FE1-E168598FC924}.Release|Mixed Platforms.ActiveCfg = Release|Any CPU
		{C6D90E79-143C-43D1-8FE1-E168598FC924}.Release|Mixed Platforms.Build.0 = Release|Any CPU
		{C6D90E79-143C-43D1-8FE1-E168598FC924}.Release|x86.ActiveCfg = Release|Any CPU
		{63DF7C3A-7F83-4579-BFE1-B72FC1593E3B}.Debug|Any CPU.ActiveCfg = Debug|Any CPU
		{63DF7C3A-7F83-4579-BFE1-B72FC1593E3B}.Debug|Any CPU.Build.0 = Debug|Any CPU
		{63DF7C3A-7F83-4579-BFE1-B72FC1593E3B}.Debug|Mixed Platforms.ActiveCfg = Debug|Any CPU
		{63DF7C3A-7F83-4579-BFE1-B72FC1593E3B}.Debug|Mixed Platforms.Build.0 = Debug|Any CPU
		{63DF7C3A-7F83-4579-BFE1-B72FC1593E3B}.Debug|x86.ActiveCfg = Debug|Any CPU
		{63DF7C3A-7F83-4579-BFE1-B72FC1593E3B}.Release|Any CPU.ActiveCfg = Release|Any CPU
		{63DF7C3A-7F83-4579-BFE1-B72FC1593E3B}.Release|Any CPU.Build.0 = Release|Any CPU
		{63DF7C3A-7F83-4579-BFE1-B72FC1593E3B}.Release|Mixed Platforms.ActiveCfg = Release|Any CPU
		{63DF7C3A-7F83-4579-BFE1-B72FC1593E3B}.Release|Mixed Platforms.Build.0 = Release|Any CPU
		{63DF7C3A-7F83-4579-BFE1-B72FC1593E3B}.Release|x86.ActiveCfg = Release|Any CPU
		{68D35519-604D-4516-AF4D-3A84E15EA9B2}.Debug|Any CPU.ActiveCfg = Debug|Any CPU
		{68D35519-604D-4516-AF4D-3A84E15EA9B2}.Debug|Any CPU.Build.0 = Debug|Any CPU
		{68D35519-604D-4516-AF4D-3A84E15EA9B2}.Debug|Mixed Platforms.ActiveCfg = Debug|Any CPU
		{68D35519-604D-4516-AF4D-3A84E15EA9B2}.Debug|Mixed Platforms.Build.0 = Debug|Any CPU
		{68D35519-604D-4516-AF4D-3A84E15EA9B2}.Debug|x86.ActiveCfg = Debug|Any CPU
		{68D35519-604D-4516-AF4D-3A84E15EA9B2}.Release|Any CPU.ActiveCfg = Release|Any CPU
		{68D35519-604D-4516-AF4D-3A84E15EA9B2}.Release|Any CPU.Build.0 = Release|Any CPU
		{68D35519-604D-4516-AF4D-3A84E15EA9B2}.Release|Mixed Platforms.ActiveCfg = Release|Any CPU
		{68D35519-604D-4516-AF4D-3A84E15EA9B2}.Release|Mixed Platforms.Build.0 = Release|Any CPU
		{68D35519-604D-4516-AF4D-3A84E15EA9B2}.Release|x86.ActiveCfg = Release|Any CPU
		{130A0CE5-B41E-4B02-91F4-25002122866E}.Debug|Any CPU.ActiveCfg = Debug|Any CPU
		{130A0CE5-B41E-4B02-91F4-25002122866E}.Debug|Any CPU.Build.0 = Debug|Any CPU
		{130A0CE5-B41E-4B02-91F4-25002122866E}.Debug|Mixed Platforms.ActiveCfg = Debug|Any CPU
		{130A0CE5-B41E-4B02-91F4-25002122866E}.Debug|Mixed Platforms.Build.0 = Debug|Any CPU
		{130A0CE5-B41E-4B02-91F4-25002122866E}.Debug|x86.ActiveCfg = Debug|Any CPU
		{130A0CE5-B41E-4B02-91F4-25002122866E}.Release|Any CPU.ActiveCfg = Release|Any CPU
		{130A0CE5-B41E-4B02-91F4-25002122866E}.Release|Any CPU.Build.0 = Release|Any CPU
		{130A0CE5-B41E-4B02-91F4-25002122866E}.Release|Mixed Platforms.ActiveCfg = Release|Any CPU
		{130A0CE5-B41E-4B02-91F4-25002122866E}.Release|Mixed Platforms.Build.0 = Release|Any CPU
		{130A0CE5-B41E-4B02-91F4-25002122866E}.Release|x86.ActiveCfg = Release|Any CPU
		{DA895C54-6FBD-4151-9F1A-76889624D075}.Debug|Any CPU.ActiveCfg = Debug|x86
		{DA895C54-6FBD-4151-9F1A-76889624D075}.Debug|Mixed Platforms.ActiveCfg = Debug|x86
		{DA895C54-6FBD-4151-9F1A-76889624D075}.Debug|Mixed Platforms.Build.0 = Debug|x86
		{DA895C54-6FBD-4151-9F1A-76889624D075}.Debug|x86.ActiveCfg = Debug|x86
		{DA895C54-6FBD-4151-9F1A-76889624D075}.Debug|x86.Build.0 = Debug|x86
		{DA895C54-6FBD-4151-9F1A-76889624D075}.Release|Any CPU.ActiveCfg = Release|x86
		{DA895C54-6FBD-4151-9F1A-76889624D075}.Release|Mixed Platforms.ActiveCfg = Release|x86
		{DA895C54-6FBD-4151-9F1A-76889624D075}.Release|Mixed Platforms.Build.0 = Release|x86
		{DA895C54-6FBD-4151-9F1A-76889624D075}.Release|x86.ActiveCfg = Release|x86
		{DA895C54-6FBD-4151-9F1A-76889624D075}.Release|x86.Build.0 = Release|x86
		{C7141AE2-530A-4964-BF16-AF00F18E336A}.Debug|Any CPU.ActiveCfg = Debug|x86
		{C7141AE2-530A-4964-BF16-AF00F18E336A}.Debug|Mixed Platforms.ActiveCfg = Debug|x86
		{C7141AE2-530A-4964-BF16-AF00F18E336A}.Debug|Mixed Platforms.Build.0 = Debug|x86
		{C7141AE2-530A-4964-BF16-AF00F18E336A}.Debug|x86.ActiveCfg = Debug|x86
		{C7141AE2-530A-4964-BF16-AF00F18E336A}.Debug|x86.Build.0 = Debug|x86
		{C7141AE2-530A-4964-BF16-AF00F18E336A}.Release|Any CPU.ActiveCfg = Release|x86
		{C7141AE2-530A-4964-BF16-AF00F18E336A}.Release|Mixed Platforms.ActiveCfg = Release|x86
		{C7141AE2-530A-4964-BF16-AF00F18E336A}.Release|Mixed Platforms.Build.0 = Release|x86
		{C7141AE2-530A-4964-BF16-AF00F18E336A}.Release|x86.ActiveCfg = Release|x86
		{C7141AE2-530A-4964-BF16-AF00F18E336A}.Release|x86.Build.0 = Release|x86
	EndGlobalSection
	GlobalSection(SolutionProperties) = preSolution
		HideSolutionNode = FALSE
	EndGlobalSection
EndGlobal
