
Microsoft Visual Studio Solution File, Format Version 11.00
# Visual Studio 2010
Project("{FAE04EC0-301F-11D3-BF4B-00C04F79EFBC}") = "EasyWalkthrough", "EasyWalkthrough\EasyWalkthrough.csproj", "{C6D90E79-143C-43D1-8FE1-E168598FC924}"
EndProject
Project("{FAE04EC0-301F-11D3-BF4B-00C04F79EFBC}") = "FormWalkthrough", "FormWalkthrough\FormWalkthrough.csproj", "{63DF7C3A-7F83-4579-BFE1-B72FC1593E3B}"
EndProject
Project("{FAE04EC0-301F-11D3-BF4B-00C04F79EFBC}") = "EventSample", "EventSample\EventSample.csproj", "{68D35519-604D-4516-AF4D-3A84E15EA9B2}"
EndProject
Project("{FAE04EC0-301F-11D3-BF4B-00C04F79EFBC}") = "EventSample - Complete", "EventSample - Complete\EventSample - Complete.csproj", "{130A0CE5-B41E-4B02-91F4-25002122866E}"
EndProject
Project("{FAE04EC0-301F-11D3-BF4B-00C04F79EFBC}") = "InheritanceWalkthrough", "InheritanceWalkthrough\InheritanceWalkthrough.csproj", "{DA895C54-6FBD-4151-9F1A-76889624D075}"
EndProject
Project("{FAE04EC0-301F-11D3-BF4B-00C04F79EFBC}") = "InterfaceWalkthrough", "InterfaceWalkthrough\InterfaceWalkthrough.csproj", "{C7141AE2-530A-4964-BF16-AF00F18E336A}"
EndProject
Project("{FAE04EC0-301F-11D3-BF4B-00C04F79EFBC}") = "TextReader", "WindowsFormsApplication3\TextReader.csproj", "{67371879-E448-4FB9-B6CC-15C1DAB924F5}"
EndProject
Project("{FAE04EC0-301F-11D3-BF4B-00C04F79EFBC}") = "CustomerExport", "TableExport\CustomerExport.csproj", "{BD4C762F-CAC5-4CCC-A77F-2BBEFE1C8CCB}"
EndProject
Project("{FAE04EC0-301F-11D3-BF4B-00C04F79EFBC}") = "CustomerRecords", "CustomerRecords\CustomerRecords.csproj", "{D18906AF-45BF-4065-B98A-587C3454EC92}"
EndProject
Project("{FAE04EC0-301F-11D3-BF4B-00C04F79EFBC}") = "CustomerSearch", "CustomerSearch\CustomerSearch.csproj", "{BEA59554-CE0B-4260-ABA2-6667A61BA04B}"
EndProject
Project("{FAE04EC0-301F-11D3-BF4B-00C04F79EFBC}") = "InvoiceLookup", "InvoiceLookup\InvoiceLookup.csproj", "{7361687A-CA31-4D33-B236-4D06A0029A79}"
EndProject
Project("{FAE04EC0-301F-11D3-BF4B-00C04F79EFBC}") = "CustomerImport", "CustomerImport\CustomerImport.csproj", "{5B465C41-F6CE-432C-A8C0-6911B1CF8D80}"
EndProject
Project("{FAE04EC0-301F-11D3-BF4B-00C04F79EFBC}") = "CustomerLinq", "CustomerExportSerializer\CustomerLinq.csproj", "{8BF26041-0A95-460C-8C8B-F78117DADFF3}"
EndProject
Project("{FAE04EC0-301F-11D3-BF4B-00C04F79EFBC}") = "ErrorProvider", "WindowsFormsApplication4\ErrorProvider.csproj", "{A9148E1D-AE5E-41FC-AE92-A51A96AB6C48}"
EndProject
Project("{FAE04EC0-301F-11D3-BF4B-00C04F79EFBC}") = "LinqSample", "WindowsFormsApplication5\LinqSample.csproj", "{E380C688-0EA5-46F4-8BDF-5879FAA34CE3}"
EndProject
Project("{2150E333-8FDC-42A3-9474-1A3956D46DE8}") = "XML", "XML", "{D234A7FE-AF71-4489-B20D-0F40A8D777DE}"
EndProject
Project("{2150E333-8FDC-42A3-9474-1A3956D46DE8}") = "DataSets", "DataSets", "{0DB6CA11-0F2B-475C-97FA-68CD7603D6CE}"
EndProject
Project("{2150E333-8FDC-42A3-9474-1A3956D46DE8}") = "ExecutionFlow", "ExecutionFlow", "{8A16A240-A757-41C2-8CAC-4EDF4951FA19}"
EndProject
Project("{2150E333-8FDC-42A3-9474-1A3956D46DE8}") = "LINQ", "LINQ", "{E1ABCC14-A8A4-4CF9-A85B-768C601C2465}"
EndProject
Project("{2150E333-8FDC-42A3-9474-1A3956D46DE8}") = "Events", "Events", "{36A60827-D8C5-4411-B530-235B52CB3902}"
EndProject
Project("{2150E333-8FDC-42A3-9474-1A3956D46DE8}") = "FileStreams", "FileStreams", "{5C46D3FE-F1A2-4437-9ADF-9BFB01508626}"
EndProject
Global
	GlobalSection(SolutionConfigurationPlatforms) = preSolution
		Debug|Any CPU = Debug|Any CPU
		Debug|Mixed Platforms = Debug|Mixed Platforms
		Debug|x86 = Debug|x86
		Release|Any CPU = Release|Any CPU
		Release|Mixed Platforms = Release|Mixed Platforms
		Release|x86 = Release|x86
	EndGlobalSection
	GlobalSection(ProjectConfigurationPlatforms) = postSolution
		{C6D90E79-143C-43D1-8FE1-E168598FC924}.Debug|Any CPU.ActiveCfg = Debug|Any CPU
		{C6D90E79-143C-43D1-8FE1-E168598FC924}.Debug|Any CPU.Build.0 = Debug|Any CPU
		{C6D90E79-143C-43D1-8FE1-E168598FC924}.Debug|Mixed Platforms.ActiveCfg = Debug|Any CPU
		{C6D90E79-143C-43D1-8FE1-E168598FC924}.Debug|Mixed Platforms.Build.0 = Debug|Any CPU
		{C6D90E79-143C-43D1-8FE1-E168598FC924}.Debug|x86.ActiveCfg = Debug|Any CPU
		{C6D90E79-143C-43D1-8FE1-E168598FC924}.Release|Any CPU.ActiveCfg = Release|Any CPU
		{C6D90E79-143C-43D1-8FE1-E168598FC924}.Release|Any CPU.Build.0 = Release|Any CPU
		{C6D90E79-143C-43D1-8FE1-E168598FC924}.Release|Mixed Platforms.ActiveCfg = Release|Any CPU
		{C6D90E79-143C-43D1-8FE1-E168598FC924}.Release|Mixed Platforms.Build.0 = Release|Any CPU
		{C6D90E79-143C-43D1-8FE1-E168598FC924}.Release|x86.ActiveCfg = Release|Any CPU
		{63DF7C3A-7F83-4579-BFE1-B72FC1593E3B}.Debug|Any CPU.ActiveCfg = Debug|Any CPU
		{63DF7C3A-7F83-4579-BFE1-B72FC1593E3B}.Debug|Any CPU.Build.0 = Debug|Any CPU
		{63DF7C3A-7F83-4579-BFE1-B72FC1593E3B}.Debug|Mixed Platforms.ActiveCfg = Debug|Any CPU
		{63DF7C3A-7F83-4579-BFE1-B72FC1593E3B}.Debug|Mixed Platforms.Build.0 = Debug|Any CPU
		{63DF7C3A-7F83-4579-BFE1-B72FC1593E3B}.Debug|x86.ActiveCfg = Debug|Any CPU
		{63DF7C3A-7F83-4579-BFE1-B72FC1593E3B}.Release|Any CPU.ActiveCfg = Release|Any CPU
		{63DF7C3A-7F83-4579-BFE1-B72FC1593E3B}.Release|Any CPU.Build.0 = Release|Any CPU
		{63DF7C3A-7F83-4579-BFE1-B72FC1593E3B}.Release|Mixed Platforms.ActiveCfg = Release|Any CPU
		{63DF7C3A-7F83-4579-BFE1-B72FC1593E3B}.Release|Mixed Platforms.Build.0 = Release|Any CPU
		{63DF7C3A-7F83-4579-BFE1-B72FC1593E3B}.Release|x86.ActiveCfg = Release|Any CPU
		{68D35519-604D-4516-AF4D-3A84E15EA9B2}.Debug|Any CPU.ActiveCfg = Debug|Any CPU
		{68D35519-604D-4516-AF4D-3A84E15EA9B2}.Debug|Any CPU.Build.0 = Debug|Any CPU
		{68D35519-604D-4516-AF4D-3A84E15EA9B2}.Debug|Mixed Platforms.ActiveCfg = Debug|Any CPU
		{68D35519-604D-4516-AF4D-3A84E15EA9B2}.Debug|Mixed Platforms.Build.0 = Debug|Any CPU
		{68D35519-604D-4516-AF4D-3A84E15EA9B2}.Debug|x86.ActiveCfg = Debug|Any CPU
		{68D35519-604D-4516-AF4D-3A84E15EA9B2}.Release|Any CPU.ActiveCfg = Release|Any CPU
		{68D35519-604D-4516-AF4D-3A84E15EA9B2}.Release|Any CPU.Build.0 = Release|Any CPU
		{68D35519-604D-4516-AF4D-3A84E15EA9B2}.Release|Mixed Platforms.ActiveCfg = Release|Any CPU
		{68D35519-604D-4516-AF4D-3A84E15EA9B2}.Release|Mixed Platforms.Build.0 = Release|Any CPU
		{68D35519-604D-4516-AF4D-3A84E15EA9B2}.Release|x86.ActiveCfg = Release|Any CPU
		{130A0CE5-B41E-4B02-91F4-25002122866E}.Debug|Any CPU.ActiveCfg = Debug|Any CPU
		{130A0CE5-B41E-4B02-91F4-25002122866E}.Debug|Any CPU.Build.0 = Debug|Any CPU
		{130A0CE5-B41E-4B02-91F4-25002122866E}.Debug|Mixed Platforms.ActiveCfg = Debug|Any CPU
		{130A0CE5-B41E-4B02-91F4-25002122866E}.Debug|Mixed Platforms.Build.0 = Debug|Any CPU
		{130A0CE5-B41E-4B02-91F4-25002122866E}.Debug|x86.ActiveCfg = Debug|Any CPU
		{130A0CE5-B41E-4B02-91F4-25002122866E}.Release|Any CPU.ActiveCfg = Release|Any CPU
		{130A0CE5-B41E-4B02-91F4-25002122866E}.Release|Any CPU.Build.0 = Release|Any CPU
		{130A0CE5-B41E-4B02-91F4-25002122866E}.Release|Mixed Platforms.ActiveCfg = Release|Any CPU
		{130A0CE5-B41E-4B02-91F4-25002122866E}.Release|Mixed Platforms.Build.0 = Release|Any CPU
		{130A0CE5-B41E-4B02-91F4-25002122866E}.Release|x86.ActiveCfg = Release|Any CPU
		{DA895C54-6FBD-4151-9F1A-76889624D075}.Debug|Any CPU.ActiveCfg = Debug|x86
		{DA895C54-6FBD-4151-9F1A-76889624D075}.Debug|Mixed Platforms.ActiveCfg = Debug|x86
		{DA895C54-6FBD-4151-9F1A-76889624D075}.Debug|Mixed Platforms.Build.0 = Debug|x86
		{DA895C54-6FBD-4151-9F1A-76889624D075}.Debug|x86.ActiveCfg = Debug|x86
		{DA895C54-6FBD-4151-9F1A-76889624D075}.Debug|x86.Build.0 = Debug|x86
		{DA895C54-6FBD-4151-9F1A-76889624D075}.Release|Any CPU.ActiveCfg = Release|x86
		{DA895C54-6FBD-4151-9F1A-76889624D075}.Release|Mixed Platforms.ActiveCfg = Release|x86
		{DA895C54-6FBD-4151-9F1A-76889624D075}.Release|Mixed Platforms.Build.0 = Release|x86
		{DA895C54-6FBD-4151-9F1A-76889624D075}.Release|x86.ActiveCfg = Release|x86
		{DA895C54-6FBD-4151-9F1A-76889624D075}.Release|x86.Build.0 = Release|x86
		{C7141AE2-530A-4964-BF16-AF00F18E336A}.Debug|Any CPU.ActiveCfg = Debug|x86
		{C7141AE2-530A-4964-BF16-AF00F18E336A}.Debug|Mixed Platforms.ActiveCfg = Debug|x86
		{C7141AE2-530A-4964-BF16-AF00F18E336A}.Debug|Mixed Platforms.Build.0 = Debug|x86
		{C7141AE2-530A-4964-BF16-AF00F18E336A}.Debug|x86.ActiveCfg = Debug|x86
		{C7141AE2-530A-4964-BF16-AF00F18E336A}.Debug|x86.Build.0 = Debug|x86
		{C7141AE2-530A-4964-BF16-AF00F18E336A}.Release|Any CPU.ActiveCfg = Release|x86
		{C7141AE2-530A-4964-BF16-AF00F18E336A}.Release|Mixed Platforms.ActiveCfg = Release|x86
		{C7141AE2-530A-4964-BF16-AF00F18E336A}.Release|Mixed Platforms.Build.0 = Release|x86
		{C7141AE2-530A-4964-BF16-AF00F18E336A}.Release|x86.ActiveCfg = Release|x86
		{C7141AE2-530A-4964-BF16-AF00F18E336A}.Release|x86.Build.0 = Release|x86
		{67371879-E448-4FB9-B6CC-15C1DAB924F5}.Debug|Any CPU.ActiveCfg = Debug|x86
		{67371879-E448-4FB9-B6CC-15C1DAB924F5}.Debug|Mixed Platforms.ActiveCfg = Debug|x86
		{67371879-E448-4FB9-B6CC-15C1DAB924F5}.Debug|Mixed Platforms.Build.0 = Debug|x86
		{67371879-E448-4FB9-B6CC-15C1DAB924F5}.Debug|x86.ActiveCfg = Debug|x86
		{67371879-E448-4FB9-B6CC-15C1DAB924F5}.Debug|x86.Build.0 = Debug|x86
		{67371879-E448-4FB9-B6CC-15C1DAB924F5}.Release|Any CPU.ActiveCfg = Release|x86
		{67371879-E448-4FB9-B6CC-15C1DAB924F5}.Release|Mixed Platforms.ActiveCfg = Release|x86
		{67371879-E448-4FB9-B6CC-15C1DAB924F5}.Release|Mixed Platforms.Build.0 = Release|x86
		{67371879-E448-4FB9-B6CC-15C1DAB924F5}.Release|x86.ActiveCfg = Release|x86
		{67371879-E448-4FB9-B6CC-15C1DAB924F5}.Release|x86.Build.0 = Release|x86
		{BD4C762F-CAC5-4CCC-A77F-2BBEFE1C8CCB}.Debug|Any CPU.ActiveCfg = Debug|x86
		{BD4C762F-CAC5-4CCC-A77F-2BBEFE1C8CCB}.Debug|Mixed Platforms.ActiveCfg = Debug|x86
		{BD4C762F-CAC5-4CCC-A77F-2BBEFE1C8CCB}.Debug|Mixed Platforms.Build.0 = Debug|x86
		{BD4C762F-CAC5-4CCC-A77F-2BBEFE1C8CCB}.Debug|x86.ActiveCfg = Debug|x86
		{BD4C762F-CAC5-4CCC-A77F-2BBEFE1C8CCB}.Debug|x86.Build.0 = Debug|x86
		{BD4C762F-CAC5-4CCC-A77F-2BBEFE1C8CCB}.Release|Any CPU.ActiveCfg = Release|x86
		{BD4C762F-CAC5-4CCC-A77F-2BBEFE1C8CCB}.Release|Mixed Platforms.ActiveCfg = Release|x86
		{BD4C762F-CAC5-4CCC-A77F-2BBEFE1C8CCB}.Release|Mixed Platforms.Build.0 = Release|x86
		{BD4C762F-CAC5-4CCC-A77F-2BBEFE1C8CCB}.Release|x86.ActiveCfg = Release|x86
		{BD4C762F-CAC5-4CCC-A77F-2BBEFE1C8CCB}.Release|x86.Build.0 = Release|x86
		{D18906AF-45BF-4065-B98A-587C3454EC92}.Debug|Any CPU.ActiveCfg = Debug|x86
		{D18906AF-45BF-4065-B98A-587C3454EC92}.Debug|Mixed Platforms.ActiveCfg = Debug|x86
		{D18906AF-45BF-4065-B98A-587C3454EC92}.Debug|Mixed Platforms.Build.0 = Debug|x86
		{D18906AF-45BF-4065-B98A-587C3454EC92}.Debug|x86.ActiveCfg = Debug|x86
		{D18906AF-45BF-4065-B98A-587C3454EC92}.Debug|x86.Build.0 = Debug|x86
		{D18906AF-45BF-4065-B98A-587C3454EC92}.Release|Any CPU.ActiveCfg = Release|x86
		{D18906AF-45BF-4065-B98A-587C3454EC92}.Release|Mixed Platforms.ActiveCfg = Release|x86
		{D18906AF-45BF-4065-B98A-587C3454EC92}.Release|Mixed Platforms.Build.0 = Release|x86
		{D18906AF-45BF-4065-B98A-587C3454EC92}.Release|x86.ActiveCfg = Release|x86
		{D18906AF-45BF-4065-B98A-587C3454EC92}.Release|x86.Build.0 = Release|x86
		{BEA59554-CE0B-4260-ABA2-6667A61BA04B}.Debug|Any CPU.ActiveCfg = Debug|x86
		{BEA59554-CE0B-4260-ABA2-6667A61BA04B}.Debug|Mixed Platforms.ActiveCfg = Debug|x86
		{BEA59554-CE0B-4260-ABA2-6667A61BA04B}.Debug|Mixed Platforms.Build.0 = Debug|x86
		{BEA59554-CE0B-4260-ABA2-6667A61BA04B}.Debug|x86.ActiveCfg = Debug|x86
		{BEA59554-CE0B-4260-ABA2-6667A61BA04B}.Debug|x86.Build.0 = Debug|x86
		{BEA59554-CE0B-4260-ABA2-6667A61BA04B}.Release|Any CPU.ActiveCfg = Release|x86
		{BEA59554-CE0B-4260-ABA2-6667A61BA04B}.Release|Mixed Platforms.ActiveCfg = Release|x86
		{BEA59554-CE0B-4260-ABA2-6667A61BA04B}.Release|Mixed Platforms.Build.0 = Release|x86
		{BEA59554-CE0B-4260-ABA2-6667A61BA04B}.Release|x86.ActiveCfg = Release|x86
		{BEA59554-CE0B-4260-ABA2-6667A61BA04B}.Release|x86.Build.0 = Release|x86
		{7361687A-CA31-4D33-B236-4D06A0029A79}.Debug|Any CPU.ActiveCfg = Debug|x86
		{7361687A-CA31-4D33-B236-4D06A0029A79}.Debug|Mixed Platforms.ActiveCfg = Debug|x86
		{7361687A-CA31-4D33-B236-4D06A0029A79}.Debug|Mixed Platforms.Build.0 = Debug|x86
		{7361687A-CA31-4D33-B236-4D06A0029A79}.Debug|x86.ActiveCfg = Debug|x86
		{7361687A-CA31-4D33-B236-4D06A0029A79}.Debug|x86.Build.0 = Debug|x86
		{7361687A-CA31-4D33-B236-4D06A0029A79}.Release|Any CPU.ActiveCfg = Release|x86
		{7361687A-CA31-4D33-B236-4D06A0029A79}.Release|Mixed Platforms.ActiveCfg = Release|x86
		{7361687A-CA31-4D33-B236-4D06A0029A79}.Release|Mixed Platforms.Build.0 = Release|x86
		{7361687A-CA31-4D33-B236-4D06A0029A79}.Release|x86.ActiveCfg = Release|x86
		{7361687A-CA31-4D33-B236-4D06A0029A79}.Release|x86.Build.0 = Release|x86
		{5B465C41-F6CE-432C-A8C0-6911B1CF8D80}.Debug|Any CPU.ActiveCfg = Debug|x86
		{5B465C41-F6CE-432C-A8C0-6911B1CF8D80}.Debug|Mixed Platforms.ActiveCfg = Debug|x86
		{5B465C41-F6CE-432C-A8C0-6911B1CF8D80}.Debug|Mixed Platforms.Build.0 = Debug|x86
		{5B465C41-F6CE-432C-A8C0-6911B1CF8D80}.Debug|x86.ActiveCfg = Debug|x86
		{5B465C41-F6CE-432C-A8C0-6911B1CF8D80}.Debug|x86.Build.0 = Debug|x86
		{5B465C41-F6CE-432C-A8C0-6911B1CF8D80}.Release|Any CPU.ActiveCfg = Release|x86
		{5B465C41-F6CE-432C-A8C0-6911B1CF8D80}.Release|Mixed Platforms.ActiveCfg = Release|x86
		{5B465C41-F6CE-432C-A8C0-6911B1CF8D80}.Release|Mixed Platforms.Build.0 = Release|x86
		{5B465C41-F6CE-432C-A8C0-6911B1CF8D80}.Release|x86.ActiveCfg = Release|x86
		{5B465C41-F6CE-432C-A8C0-6911B1CF8D80}.Release|x86.Build.0 = Release|x86
		{8BF26041-0A95-460C-8C8B-F78117DADFF3}.Debug|Any CPU.ActiveCfg = Debug|x86
		{8BF26041-0A95-460C-8C8B-F78117DADFF3}.Debug|Mixed Platforms.ActiveCfg = Debug|x86
		{8BF26041-0A95-460C-8C8B-F78117DADFF3}.Debug|Mixed Platforms.Build.0 = Debug|x86
		{8BF26041-0A95-460C-8C8B-F78117DADFF3}.Debug|x86.ActiveCfg = Debug|x86
		{8BF26041-0A95-460C-8C8B-F78117DADFF3}.Debug|x86.Build.0 = Debug|x86
		{8BF26041-0A95-460C-8C8B-F78117DADFF3}.Release|Any CPU.ActiveCfg = Release|x86
		{8BF26041-0A95-460C-8C8B-F78117DADFF3}.Release|Mixed Platforms.ActiveCfg = Release|x86
		{8BF26041-0A95-460C-8C8B-F78117DADFF3}.Release|Mixed Platforms.Build.0 = Release|x86
		{8BF26041-0A95-460C-8C8B-F78117DADFF3}.Release|x86.ActiveCfg = Release|x86
		{8BF26041-0A95-460C-8C8B-F78117DADFF3}.Release|x86.Build.0 = Release|x86
		{A9148E1D-AE5E-41FC-AE92-A51A96AB6C48}.Debug|Any CPU.ActiveCfg = Debug|x86
		{A9148E1D-AE5E-41FC-AE92-A51A96AB6C48}.Debug|Mixed Platforms.ActiveCfg = Debug|x86
		{A9148E1D-AE5E-41FC-AE92-A51A96AB6C48}.Debug|Mixed Platforms.Build.0 = Debug|x86
		{A9148E1D-AE5E-41FC-AE92-A51A96AB6C48}.Debug|x86.ActiveCfg = Debug|x86
		{A9148E1D-AE5E-41FC-AE92-A51A96AB6C48}.Debug|x86.Build.0 = Debug|x86
		{A9148E1D-AE5E-41FC-AE92-A51A96AB6C48}.Release|Any CPU.ActiveCfg = Release|x86
		{A9148E1D-AE5E-41FC-AE92-A51A96AB6C48}.Release|Mixed Platforms.ActiveCfg = Release|x86
		{A9148E1D-AE5E-41FC-AE92-A51A96AB6C48}.Release|Mixed Platforms.Build.0 = Release|x86
		{A9148E1D-AE5E-41FC-AE92-A51A96AB6C48}.Release|x86.ActiveCfg = Release|x86
		{A9148E1D-AE5E-41FC-AE92-A51A96AB6C48}.Release|x86.Build.0 = Release|x86
		{E380C688-0EA5-46F4-8BDF-5879FAA34CE3}.Debug|Any CPU.ActiveCfg = Debug|x86
		{E380C688-0EA5-46F4-8BDF-5879FAA34CE3}.Debug|Mixed Platforms.ActiveCfg = Debug|x86
		{E380C688-0EA5-46F4-8BDF-5879FAA34CE3}.Debug|Mixed Platforms.Build.0 = Debug|x86
		{E380C688-0EA5-46F4-8BDF-5879FAA34CE3}.Debug|x86.ActiveCfg = Debug|x86
		{E380C688-0EA5-46F4-8BDF-5879FAA34CE3}.Debug|x86.Build.0 = Debug|x86
		{E380C688-0EA5-46F4-8BDF-5879FAA34CE3}.Release|Any CPU.ActiveCfg = Release|x86
		{E380C688-0EA5-46F4-8BDF-5879FAA34CE3}.Release|Mixed Platforms.ActiveCfg = Release|x86
		{E380C688-0EA5-46F4-8BDF-5879FAA34CE3}.Release|Mixed Platforms.Build.0 = Release|x86
		{E380C688-0EA5-46F4-8BDF-5879FAA34CE3}.Release|x86.ActiveCfg = Release|x86
		{E380C688-0EA5-46F4-8BDF-5879FAA34CE3}.Release|x86.Build.0 = Release|x86
	EndGlobalSection
	GlobalSection(SolutionProperties) = preSolution
		HideSolutionNode = FALSE
	EndGlobalSection
	GlobalSection(NestedProjects) = preSolution
		{BD4C762F-CAC5-4CCC-A77F-2BBEFE1C8CCB} = {D234A7FE-AF71-4489-B20D-0F40A8D777DE}
		{5B465C41-F6CE-432C-A8C0-6911B1CF8D80} = {D234A7FE-AF71-4489-B20D-0F40A8D777DE}
		{D18906AF-45BF-4065-B98A-587C3454EC92} = {0DB6CA11-0F2B-475C-97FA-68CD7603D6CE}
		{BEA59554-CE0B-4260-ABA2-6667A61BA04B} = {0DB6CA11-0F2B-475C-97FA-68CD7603D6CE}
		{7361687A-CA31-4D33-B236-4D06A0029A79} = {0DB6CA11-0F2B-475C-97FA-68CD7603D6CE}
		{A9148E1D-AE5E-41FC-AE92-A51A96AB6C48} = {0DB6CA11-0F2B-475C-97FA-68CD7603D6CE}
		{C6D90E79-143C-43D1-8FE1-E168598FC924} = {8A16A240-A757-41C2-8CAC-4EDF4951FA19}
		{63DF7C3A-7F83-4579-BFE1-B72FC1593E3B} = {8A16A240-A757-41C2-8CAC-4EDF4951FA19}
		{DA895C54-6FBD-4151-9F1A-76889624D075} = {8A16A240-A757-41C2-8CAC-4EDF4951FA19}
		{C7141AE2-530A-4964-BF16-AF00F18E336A} = {8A16A240-A757-41C2-8CAC-4EDF4951FA19}
		{8BF26041-0A95-460C-8C8B-F78117DADFF3} = {E1ABCC14-A8A4-4CF9-A85B-768C601C2465}
		{E380C688-0EA5-46F4-8BDF-5879FAA34CE3} = {E1ABCC14-A8A4-4CF9-A85B-768C601C2465}
		{130A0CE5-B41E-4B02-91F4-25002122866E} = {36A60827-D8C5-4411-B530-235B52CB3902}
		{68D35519-604D-4516-AF4D-3A84E15EA9B2} = {36A60827-D8C5-4411-B530-235B52CB3902}
		{67371879-E448-4FB9-B6CC-15C1DAB924F5} = {5C46D3FE-F1A2-4437-9ADF-9BFB01508626}
	EndGlobalSection
EndGlobal
